
Microsoft Visual Studio Solution File, Format Version 12.00
# Visual Studio Version 16
VisualStudioVersion = 16.0.29926.136
MinimumVisualStudioVersion = 10.0.40219.1
Project("{FAE04EC0-301F-11D3-BF4B-00C04F79EFBC}") = "MyFirstGithub", "MyFirstGithub\MyFirstGithub.csproj", "{6740D976-C15F-45EE-B942-D20D68BA98F1}"
EndProject
Global
	GlobalSection(SolutionConfigurationPlatforms) = preSolution
		Debug|Any CPU = Debug|Any CPU
		Release|Any CPU = Release|Any CPU
	EndGlobalSection
	GlobalSection(ProjectConfigurationPlatforms) = postSolution
		{6740D976-C15F-45EE-B942-D20D68BA98F1}.Debug|Any CPU.ActiveCfg = Debug|Any CPU
		{6740D976-C15F-45EE-B942-D20D68BA98F1}.Debug|Any CPU.Build.0 = Debug|Any CPU
		{6740D976-C15F-45EE-B942-D20D68BA98F1}.Release|Any CPU.ActiveCfg = Release|Any CPU
		{6740D976-C15F-45EE-B942-D20D68BA98F1}.Release|Any CPU.Build.0 = Release|Any CPU
	EndGlobalSection
	GlobalSection(SolutionProperties) = preSolution
		HideSolutionNode = FALSE
	EndGlobalSection
	GlobalSection(ExtensibilityGlobals) = postSolution
		SolutionGuid = {E6BB6056-CC2D-44BC-A6D9-E55325827B25}
	EndGlobalSection
EndGlobal
